
Microsoft Visual Studio Solution File, Format Version 12.00
# Visual Studio Version 17
VisualStudioVersion = 17.2.32526.322
MinimumVisualStudioVersion = 10.0.40219.1
Project("{9A19103F-16F7-4668-BE54-9A1E7A4F7556}") = "ATHHRS.Web", "ATHHRS.Web\ATHHRS.Web.csproj", "{B885382A-FD08-4140-9E31-E8158BB5F32E}"
EndProject
Project("{9A19103F-16F7-4668-BE54-9A1E7A4F7556}") = "ATHHRS.API", "ATHHRS.Api\ATHHRS.API.csproj", "{8F2BBDA9-7289-4BE6-B4B7-63EEE843E545}"
EndProject
Global
	GlobalSection(SolutionConfigurationPlatforms) = preSolution
		Debug|Any CPU = Debug|Any CPU
		Release|Any CPU = Release|Any CPU
	EndGlobalSection
	GlobalSection(ProjectConfigurationPlatforms) = postSolution
		{B885382A-FD08-4140-9E31-E8158BB5F32E}.Debug|Any CPU.ActiveCfg = Debug|Any CPU
		{B885382A-FD08-4140-9E31-E8158BB5F32E}.Debug|Any CPU.Build.0 = Debug|Any CPU
		{B885382A-FD08-4140-9E31-E8158BB5F32E}.Release|Any CPU.ActiveCfg = Release|Any CPU
		{B885382A-FD08-4140-9E31-E8158BB5F32E}.Release|Any CPU.Build.0 = Release|Any CPU
		{8F2BBDA9-7289-4BE6-B4B7-63EEE843E545}.Debug|Any CPU.ActiveCfg = Debug|Any CPU
		{8F2BBDA9-7289-4BE6-B4B7-63EEE843E545}.Debug|Any CPU.Build.0 = Debug|Any CPU
		{8F2BBDA9-7289-4BE6-B4B7-63EEE843E545}.Release|Any CPU.ActiveCfg = Release|Any CPU
		{8F2BBDA9-7289-4BE6-B4B7-63EEE843E545}.Release|Any CPU.Build.0 = Release|Any CPU
	EndGlobalSection
	GlobalSection(SolutionProperties) = preSolution
		HideSolutionNode = FALSE
	EndGlobalSection
	GlobalSection(ExtensibilityGlobals) = postSolution
		SolutionGuid = {4A2ECB05-B4C9-4642-8206-B3736780D00A}
	EndGlobalSection
EndGlobal
